
Microsoft Visual Studio Solution File, Format Version 12.00
# Visual Studio Version 17
VisualStudioVersion = 17.11.35118.90
MinimumVisualStudioVersion = 10.0.40219.1
Project("{FAE04EC0-301F-11D3-BF4B-00C04F79EFBC}") = "MauiDroidNotifity", "MauiDroidNotifity\MauiDroidNotifity.csproj", "{9F76F558-F274-4FFE-975C-5F09A801F5C3}"
EndProject
Global
	GlobalSection(SolutionConfigurationPlatforms) = preSolution
		Debug|Any CPU = Debug|Any CPU
		Release|Any CPU = Release|Any CPU
	EndGlobalSection
	GlobalSection(ProjectConfigurationPlatforms) = postSolution
		{9F76F558-F274-4FFE-975C-5F09A801F5C3}.Debug|Any CPU.ActiveCfg = Debug|Any CPU
		{9F76F558-F274-4FFE-975C-5F09A801F5C3}.Debug|Any CPU.Build.0 = Debug|Any CPU
		{9F76F558-F274-4FFE-975C-5F09A801F5C3}.Debug|Any CPU.Deploy.0 = Debug|Any CPU
		{9F76F558-F274-4FFE-975C-5F09A801F5C3}.Release|Any CPU.ActiveCfg = Release|Any CPU
		{9F76F558-F274-4FFE-975C-5F09A801F5C3}.Release|Any CPU.Build.0 = Release|Any CPU
		{9F76F558-F274-4FFE-975C-5F09A801F5C3}.Release|Any CPU.Deploy.0 = Release|Any CPU
	EndGlobalSection
	GlobalSection(SolutionProperties) = preSolution
		HideSolutionNode = FALSE
	EndGlobalSection
	GlobalSection(ExtensibilityGlobals) = postSolution
		SolutionGuid = {2BF91119-3B14-4345-A9AF-8D66B50904C9}
	EndGlobalSection
EndGlobal
